
Microsoft Visual Studio Solution File, Format Version 12.00
# Visual Studio Version 17
VisualStudioVersion = 17.13.35825.156 d17.13
MinimumVisualStudioVersion = 10.0.40219.1
Project("{FAE04EC0-301F-11D3-BF4B-00C04F79EFBC}") = "WpfApp3", "WpfApp3\WpfApp3.csproj", "{78C40029-FC71-43F5-93BA-226179DC1072}"
EndProject
Global
	GlobalSection(SolutionConfigurationPlatforms) = preSolution
		Debug|Any CPU = Debug|Any CPU
		Release|Any CPU = Release|Any CPU
	EndGlobalSection
	GlobalSection(ProjectConfigurationPlatforms) = postSolution
		{78C40029-FC71-43F5-93BA-226179DC1072}.Debug|Any CPU.ActiveCfg = Debug|Any CPU
		{78C40029-FC71-43F5-93BA-226179DC1072}.Debug|Any CPU.Build.0 = Debug|Any CPU
		{78C40029-FC71-43F5-93BA-226179DC1072}.Release|Any CPU.ActiveCfg = Release|Any CPU
		{78C40029-FC71-43F5-93BA-226179DC1072}.Release|Any CPU.Build.0 = Release|Any CPU
	EndGlobalSection
	GlobalSection(SolutionProperties) = preSolution
		HideSolutionNode = FALSE
	EndGlobalSection
	GlobalSection(ExtensibilityGlobals) = postSolution
		SolutionGuid = {28520E65-C2B9-4F82-B0C8-119834DCD906}
	EndGlobalSection
EndGlobal
